
Microsoft Visual Studio Solution File, Format Version 12.00
# Visual Studio Version 16
VisualStudioVersion = 16.0.32106.194
MinimumVisualStudioVersion = 10.0.40219.1
Project("{FAE04EC0-301F-11D3-BF4B-00C04F79EFBC}") = "WindowAuthEx", "WindowAuthEx\WindowAuthEx.csproj", "{41A83F50-F19F-4B7C-AB7E-31BEBAD873A0}"
EndProject
Global
	GlobalSection(SolutionConfigurationPlatforms) = preSolution
		Debug|Any CPU = Debug|Any CPU
		Release|Any CPU = Release|Any CPU
	EndGlobalSection
	GlobalSection(ProjectConfigurationPlatforms) = postSolution
		{41A83F50-F19F-4B7C-AB7E-31BEBAD873A0}.Debug|Any CPU.ActiveCfg = Debug|Any CPU
		{41A83F50-F19F-4B7C-AB7E-31BEBAD873A0}.Debug|Any CPU.Build.0 = Debug|Any CPU
		{41A83F50-F19F-4B7C-AB7E-31BEBAD873A0}.Release|Any CPU.ActiveCfg = Release|Any CPU
		{41A83F50-F19F-4B7C-AB7E-31BEBAD873A0}.Release|Any CPU.Build.0 = Release|Any CPU
	EndGlobalSection
	GlobalSection(SolutionProperties) = preSolution
		HideSolutionNode = FALSE
	EndGlobalSection
	GlobalSection(ExtensibilityGlobals) = postSolution
		SolutionGuid = {A3B57E2A-5F48-4A07-A013-F1CE7517B471}
	EndGlobalSection
EndGlobal
